
Microsoft Visual Studio Solution File, Format Version 12.00
# Visual Studio Version 17
VisualStudioVersion = 17.14.36408.4 d17.14
MinimumVisualStudioVersion = 10.0.40219.1
Project("{FAE04EC0-301F-11D3-BF4B-00C04F79EFBC}") = "EmployeeService", "EmployeeService\EmployeeService.csproj", "{D9645E55-11B8-4C0B-B894-4D9487B6A683}"
EndProject
Project("{FAE04EC0-301F-11D3-BF4B-00C04F79EFBC}") = "EmployeeServiceHost", "EmployeeServiceHost\EmployeeServiceHost.csproj", "{B22E0DC2-2D99-4A04-A632-1E9B5B6DF9BA}"
EndProject
Global
	GlobalSection(SolutionConfigurationPlatforms) = preSolution
		Debug|Any CPU = Debug|Any CPU
		Release|Any CPU = Release|Any CPU
	EndGlobalSection
	GlobalSection(ProjectConfigurationPlatforms) = postSolution
		{D9645E55-11B8-4C0B-B894-4D9487B6A683}.Debug|Any CPU.ActiveCfg = Debug|Any CPU
		{D9645E55-11B8-4C0B-B894-4D9487B6A683}.Debug|Any CPU.Build.0 = Debug|Any CPU
		{D9645E55-11B8-4C0B-B894-4D9487B6A683}.Release|Any CPU.ActiveCfg = Release|Any CPU
		{D9645E55-11B8-4C0B-B894-4D9487B6A683}.Release|Any CPU.Build.0 = Release|Any CPU
		{B22E0DC2-2D99-4A04-A632-1E9B5B6DF9BA}.Debug|Any CPU.ActiveCfg = Debug|Any CPU
		{B22E0DC2-2D99-4A04-A632-1E9B5B6DF9BA}.Debug|Any CPU.Build.0 = Debug|Any CPU
		{B22E0DC2-2D99-4A04-A632-1E9B5B6DF9BA}.Release|Any CPU.ActiveCfg = Release|Any CPU
		{B22E0DC2-2D99-4A04-A632-1E9B5B6DF9BA}.Release|Any CPU.Build.0 = Release|Any CPU
	EndGlobalSection
	GlobalSection(SolutionProperties) = preSolution
		HideSolutionNode = FALSE
	EndGlobalSection
	GlobalSection(ExtensibilityGlobals) = postSolution
		SolutionGuid = {BF474C24-9441-46C5-8F23-DCECDFDD64CE}
	EndGlobalSection
EndGlobal
