
Microsoft Visual Studio Solution File, Format Version 12.00
# Visual Studio Version 17
VisualStudioVersion = 17.14.36408.4 d17.14
MinimumVisualStudioVersion = 10.0.40219.1
Project("{FAE04EC0-301F-11D3-BF4B-00C04F79EFBC}") = "HelloWebClient", "HelloWebClient\HelloWebClient.csproj", "{2E3EDE3C-EE56-4802-8454-950F68F39DEA}"
EndProject
Global
	GlobalSection(SolutionConfigurationPlatforms) = preSolution
		Debug|Any CPU = Debug|Any CPU
		Release|Any CPU = Release|Any CPU
	EndGlobalSection
	GlobalSection(ProjectConfigurationPlatforms) = postSolution
		{2E3EDE3C-EE56-4802-8454-950F68F39DEA}.Debug|Any CPU.ActiveCfg = Debug|Any CPU
		{2E3EDE3C-EE56-4802-8454-950F68F39DEA}.Debug|Any CPU.Build.0 = Debug|Any CPU
		{2E3EDE3C-EE56-4802-8454-950F68F39DEA}.Release|Any CPU.ActiveCfg = Release|Any CPU
		{2E3EDE3C-EE56-4802-8454-950F68F39DEA}.Release|Any CPU.Build.0 = Release|Any CPU
	EndGlobalSection
	GlobalSection(SolutionProperties) = preSolution
		HideSolutionNode = FALSE
	EndGlobalSection
	GlobalSection(ExtensibilityGlobals) = postSolution
		SolutionGuid = {63D0900E-EEBA-4F65-8DB6-AB4077CE6E70}
	EndGlobalSection
EndGlobal
